
Microsoft Visual Studio Solution File, Format Version 12.00
# Visual Studio 2012
Project("{FAE04EC0-301F-11D3-BF4B-00C04F79EFBC}") = "SmartHomeWebForm", "SmartHomeWebForm\SmartHomeWebForm.csproj", "{404A06D5-5D47-41EA-B787-307D582AFFB0}"
EndProject
Global
	GlobalSection(SolutionConfigurationPlatforms) = preSolution
		Debug|Any CPU = Debug|Any CPU
		Release|Any CPU = Release|Any CPU
	EndGlobalSection
	GlobalSection(ProjectConfigurationPlatforms) = postSolution
		{404A06D5-5D47-41EA-B787-307D582AFFB0}.Debug|Any CPU.ActiveCfg = Debug|Any CPU
		{404A06D5-5D47-41EA-B787-307D582AFFB0}.Debug|Any CPU.Build.0 = Debug|Any CPU
		{404A06D5-5D47-41EA-B787-307D582AFFB0}.Release|Any CPU.ActiveCfg = Release|Any CPU
		{404A06D5-5D47-41EA-B787-307D582AFFB0}.Release|Any CPU.Build.0 = Release|Any CPU
	EndGlobalSection
	GlobalSection(SolutionProperties) = preSolution
		HideSolutionNode = FALSE
	EndGlobalSection
EndGlobal
